<?xml version="1.0" encoding="UTF-8" standalone="yes" ?>
<CodeBlocks_project_file>
	<FileVersion major="1" minor="6" />
	<Project>
		<Option title="szachy" />
		<Option pch_mode="2" />
		<Option compiler="gcc" />
		<Build>
			<Target title="Debug">
				<Option output="bin/Debug/szachy" prefix_auto="1" extension_auto="1" />
				<Option object_output="obj/Debug/" />
				<Option type="1" />
				<Option compiler="gcc" />
				<Compiler>
					<Add option="-g" />
					<Add directory="include" />
				</Compiler>
			</Target>
			<Target title="Release">
				<Option output="bin/Release/szachy" prefix_auto="1" extension_auto="1" />
				<Option object_output="obj/Release/" />
				<Option type="1" />
				<Option compiler="gcc" />
				<Compiler>
					<Add option="-O2" />
					<Add directory="include" />
				</Compiler>
				<Linker>
					<Add option="-s" />
				</Linker>
			</Target>
		</Build>
		<Compiler>
			<Add option="-Wall" />
			<Add option="-fexceptions" />
		</Compiler>
		<Unit filename="include/Figura.h" />
		<Unit filename="include/Goniec.h" />
		<Unit filename="include/Hetman.h" />
		<Unit filename="include/Krol.h" />
		<Unit filename="include/Pole.h" />
		<Unit filename="include/Szachownica.h" />
		<Unit filename="include/Wieza.h" />
		<Unit filename="main.cpp" />
		<Unit filename="src/Figura.cpp" />
		<Unit filename="src/Goniec.cpp" />
		<Unit filename="src/Hetman.cpp" />
		<Unit filename="src/Krol.cpp" />
		<Unit filename="src/Pole.cpp" />
		<Unit filename="src/Szachownica.cpp" />
		<Unit filename="src/Wieza.cpp" />
		<Extensions>
			<lib_finder disable_auto="1" />
		</Extensions>
	</Project>
</CodeBlocks_project_file>
